
Microsoft Visual Studio Solution File, Format Version 12.00
# Visual Studio Version 17
VisualStudioVersion = 17.5.33424.131
MinimumVisualStudioVersion = 10.0.40219.1
Project("{9A19103F-16F7-4668-BE54-9A1E7A4F7556}") = "AccountDataModel", "AccountDataModel\AccountDataModel.csproj", "{0CD1F5C2-6803-47ED-ADFE-F3E5989AB02A}"
EndProject
Project("{9A19103F-16F7-4668-BE54-9A1E7A4F7556}") = "ATMCore", "ATMCore\ATMCore.csproj", "{FE4F8014-2065-4F79-827A-A57FF25293F1}"
EndProject
Project("{9A19103F-16F7-4668-BE54-9A1E7A4F7556}") = "TransactionService", "TransactionService\TransactionService.csproj", "{853E0C30-4917-4C98-9A82-FE56961D57B7}"
EndProject
Project("{9A19103F-16F7-4668-BE54-9A1E7A4F7556}") = "TransactionDataModel", "TransactionDataModel\TransactionDataModel.csproj", "{999B15C3-AEDA-4A6A-9EAE-D4821F45C397}"
EndProject
Project("{9A19103F-16F7-4668-BE54-9A1E7A4F7556}") = "AccountService", "AccountService\AccountService.csproj", "{0036D8CA-B5D0-412A-89A1-CE8A0E7C887F}"
EndProject
Global
	GlobalSection(SolutionConfigurationPlatforms) = preSolution
		Debug|Any CPU = Debug|Any CPU
		Release|Any CPU = Release|Any CPU
	EndGlobalSection
	GlobalSection(ProjectConfigurationPlatforms) = postSolution
		{0CD1F5C2-6803-47ED-ADFE-F3E5989AB02A}.Debug|Any CPU.ActiveCfg = Debug|Any CPU
		{0CD1F5C2-6803-47ED-ADFE-F3E5989AB02A}.Debug|Any CPU.Build.0 = Debug|Any CPU
		{0CD1F5C2-6803-47ED-ADFE-F3E5989AB02A}.Release|Any CPU.ActiveCfg = Release|Any CPU
		{0CD1F5C2-6803-47ED-ADFE-F3E5989AB02A}.Release|Any CPU.Build.0 = Release|Any CPU
		{FE4F8014-2065-4F79-827A-A57FF25293F1}.Debug|Any CPU.ActiveCfg = Debug|Any CPU
		{FE4F8014-2065-4F79-827A-A57FF25293F1}.Debug|Any CPU.Build.0 = Debug|Any CPU
		{FE4F8014-2065-4F79-827A-A57FF25293F1}.Release|Any CPU.ActiveCfg = Release|Any CPU
		{FE4F8014-2065-4F79-827A-A57FF25293F1}.Release|Any CPU.Build.0 = Release|Any CPU
		{853E0C30-4917-4C98-9A82-FE56961D57B7}.Debug|Any CPU.ActiveCfg = Debug|Any CPU
		{853E0C30-4917-4C98-9A82-FE56961D57B7}.Debug|Any CPU.Build.0 = Debug|Any CPU
		{853E0C30-4917-4C98-9A82-FE56961D57B7}.Release|Any CPU.ActiveCfg = Release|Any CPU
		{853E0C30-4917-4C98-9A82-FE56961D57B7}.Release|Any CPU.Build.0 = Release|Any CPU
		{999B15C3-AEDA-4A6A-9EAE-D4821F45C397}.Debug|Any CPU.ActiveCfg = Debug|Any CPU
		{999B15C3-AEDA-4A6A-9EAE-D4821F45C397}.Debug|Any CPU.Build.0 = Debug|Any CPU
		{999B15C3-AEDA-4A6A-9EAE-D4821F45C397}.Release|Any CPU.ActiveCfg = Release|Any CPU
		{999B15C3-AEDA-4A6A-9EAE-D4821F45C397}.Release|Any CPU.Build.0 = Release|Any CPU
		{0036D8CA-B5D0-412A-89A1-CE8A0E7C887F}.Debug|Any CPU.ActiveCfg = Debug|Any CPU
		{0036D8CA-B5D0-412A-89A1-CE8A0E7C887F}.Debug|Any CPU.Build.0 = Debug|Any CPU
		{0036D8CA-B5D0-412A-89A1-CE8A0E7C887F}.Release|Any CPU.ActiveCfg = Release|Any CPU
		{0036D8CA-B5D0-412A-89A1-CE8A0E7C887F}.Release|Any CPU.Build.0 = Release|Any CPU
	EndGlobalSection
	GlobalSection(SolutionProperties) = preSolution
		HideSolutionNode = FALSE
	EndGlobalSection
	GlobalSection(ExtensibilityGlobals) = postSolution
		SolutionGuid = {CE70E7A7-079C-4DA5-B84C-AFE4A30BF537}
	EndGlobalSection
EndGlobal
